
Microsoft Visual Studio Solution File, Format Version 12.00
# Visual Studio Version 17
VisualStudioVersion = 17.14.36518.9 d17.14
MinimumVisualStudioVersion = 10.0.40219.1
Project("{FAE04EC0-301F-11D3-BF4B-00C04F79EFBC}") = "CapaVista_MVC1", "CapaVista_MVC1\CapaVista_MVC1.csproj", "{EA23C732-DEDE-495F-83AE-1A5B7E1048AB}"
EndProject
Project("{FAE04EC0-301F-11D3-BF4B-00C04F79EFBC}") = "CapaControlador_MVC1", "CapaControlador_MVC1\CapaControlador_MVC1.csproj", "{CAE3BC14-ECB9-41A7-AA95-7E485368C2ED}"
EndProject
Project("{FAE04EC0-301F-11D3-BF4B-00C04F79EFBC}") = "CapaModelo_MVC1", "CapaModelo_MVC1\CapaModelo_MVC1.csproj", "{B31E82E7-7FDD-4FE1-82FC-47A4C4129493}"
EndProject
Global
	GlobalSection(SolutionConfigurationPlatforms) = preSolution
		Debug|Any CPU = Debug|Any CPU
		Release|Any CPU = Release|Any CPU
	EndGlobalSection
	GlobalSection(ProjectConfigurationPlatforms) = postSolution
		{EA23C732-DEDE-495F-83AE-1A5B7E1048AB}.Debug|Any CPU.ActiveCfg = Debug|Any CPU
		{EA23C732-DEDE-495F-83AE-1A5B7E1048AB}.Debug|Any CPU.Build.0 = Debug|Any CPU
		{EA23C732-DEDE-495F-83AE-1A5B7E1048AB}.Release|Any CPU.ActiveCfg = Release|Any CPU
		{EA23C732-DEDE-495F-83AE-1A5B7E1048AB}.Release|Any CPU.Build.0 = Release|Any CPU
		{CAE3BC14-ECB9-41A7-AA95-7E485368C2ED}.Debug|Any CPU.ActiveCfg = Debug|Any CPU
		{CAE3BC14-ECB9-41A7-AA95-7E485368C2ED}.Debug|Any CPU.Build.0 = Debug|Any CPU
		{CAE3BC14-ECB9-41A7-AA95-7E485368C2ED}.Release|Any CPU.ActiveCfg = Release|Any CPU
		{CAE3BC14-ECB9-41A7-AA95-7E485368C2ED}.Release|Any CPU.Build.0 = Release|Any CPU
		{B31E82E7-7FDD-4FE1-82FC-47A4C4129493}.Debug|Any CPU.ActiveCfg = Debug|Any CPU
		{B31E82E7-7FDD-4FE1-82FC-47A4C4129493}.Debug|Any CPU.Build.0 = Debug|Any CPU
		{B31E82E7-7FDD-4FE1-82FC-47A4C4129493}.Release|Any CPU.ActiveCfg = Release|Any CPU
		{B31E82E7-7FDD-4FE1-82FC-47A4C4129493}.Release|Any CPU.Build.0 = Release|Any CPU
	EndGlobalSection
	GlobalSection(SolutionProperties) = preSolution
		HideSolutionNode = FALSE
	EndGlobalSection
	GlobalSection(ExtensibilityGlobals) = postSolution
		SolutionGuid = {64E4B80F-5335-4DC9-827D-9934D9DFE6E4}
	EndGlobalSection
EndGlobal
